NeoBundleLock badwolf 78a3e35b51df8a0d5635ea015ae11fadd55cf754
NeoBundleLock indentLine 86b9824b89cf52d4b748ea2a27885607c98c881a
NeoBundleLock lexima.vim 0aa05cbe10d3dc4de239754eb167ca82025415b0
NeoBundleLock lightline.vim 059888ab650fa192dd441e52bd9f41f08b247529
NeoBundleLock molokai c67bdfcdb31415aa0ade7f8c003261700a885476
NeoBundleLock neobundle.vim e4e6766e7bbcac9b7048ee247f02af9020b9df29
NeoBundleLock neocomplete.vim bb1e37d096cfd368b45d6a50109f84a38349a21d
NeoBundleLock neosnippet 3929abc3538db6e1b5958acc5f07cdad4345f86d
NeoBundleLock neosnippet-snippets 4431bf176650696d5a8dd93814812afd0d06212c
NeoBundleLock vim-abolish 05c7d31f6b3066582017edf5198502a94f6a7cb5
NeoBundleLock vim-colours-dusk bf835719948cf731091498a43ccc7c72dfa0d1fd
NeoBundleLock vim-guicolorscheme 492a91e3f5dbd820f8fc482bb38894377fae1ebd
NeoBundleLock vim-template e6e3a8c6b4f7520406f0b5f5a7e7f5507f1834d4
NeoBundleLock vim-trailing-whitespace 733fb64337b6da4a51c85a43450cd620d8b617b5
